
Microsoft Visual Studio Solution File, Format Version 15.00
# Visual Studio 2017
Project("{FAE04EC0-301F-11D3-BF4B-00C04F79EFBC}") = "exam", "exam.csproj", "{FA94F14F-32A6-4519-86C0-B0A040270361}"
EndProject
Global
	GlobalSection(SolutionConfigurationPlatforms) = preSolution
		Debug|Any CPU = Debug|Any CPU
		Release|Any CPU = Release|Any CPU
	EndGlobalSection
	GlobalSection(ProjectConfigurationPlatforms) = postSolution
		{FA94F14F-32A6-4519-86C0-B0A040270361}.Debug|Any CPU.ActiveCfg = Debug|Any CPU
		{FA94F14F-32A6-4519-86C0-B0A040270361}.Debug|Any CPU.Build.0 = Debug|Any CPU
		{FA94F14F-32A6-4519-86C0-B0A040270361}.Release|Any CPU.ActiveCfg = Release|Any CPU
		{FA94F14F-32A6-4519-86C0-B0A040270361}.Release|Any CPU.Build.0 = Release|Any CPU
	EndGlobalSection
EndGlobal
